
Microsoft Visual Studio Solution File, Format Version 12.00
# Visual Studio Version 17
VisualStudioVersion = 17.5.002.0
MinimumVisualStudioVersion = 10.0.40219.1
Project("{9A19103F-16F7-4668-BE54-9A1E7A4F7556}") = "lab12", "lab12.csproj", "{0873A913-202C-4824-8234-D341532E8A1C}"
EndProject
Global
	GlobalSection(SolutionConfigurationPlatforms) = preSolution
		Debug|Any CPU = Debug|Any CPU
		Release|Any CPU = Release|Any CPU
	EndGlobalSection
	GlobalSection(ProjectConfigurationPlatforms) = postSolution
		{0873A913-202C-4824-8234-D341532E8A1C}.Debug|Any CPU.ActiveCfg = Debug|Any CPU
		{0873A913-202C-4824-8234-D341532E8A1C}.Debug|Any CPU.Build.0 = Debug|Any CPU
		{0873A913-202C-4824-8234-D341532E8A1C}.Release|Any CPU.ActiveCfg = Release|Any CPU
		{0873A913-202C-4824-8234-D341532E8A1C}.Release|Any CPU.Build.0 = Release|Any CPU
	EndGlobalSection
	GlobalSection(SolutionProperties) = preSolution
		HideSolutionNode = FALSE
	EndGlobalSection
	GlobalSection(ExtensibilityGlobals) = postSolution
		SolutionGuid = {8E676CD8-B3DD-450A-8614-D35D31E072A8}
	EndGlobalSection
EndGlobal
